
Microsoft Visual Studio Solution File, Format Version 12.00
# Visual Studio 15
Project("{FAE04EC0-301F-11D3-BF4B-00C04F79EFBC}") = "HackManVR", "HackManVR.csproj", "{36D84295-F899-6351-FE85-21AD93C68D26}"
EndProject
Project("{FAE04EC0-301F-11D3-BF4B-00C04F79EFBC}") = "HackManVR.Editor", "HackManVR.Editor.csproj", "{7B9F29FA-F8DB-5D00-21A1-AF4B62004627}"
EndProject
Global
	GlobalSection(SolutionConfigurationPlatforms) = preSolution
		Debug|Any CPU = Debug|Any CPU
		Release|Any CPU = Release|Any CPU
	EndGlobalSection
	GlobalSection(ProjectConfigurationPlatforms) = postSolution
		{36D84295-F899-6351-FE85-21AD93C68D26}.Debug|Any CPU.ActiveCfg = Debug|Any CPU
		{36D84295-F899-6351-FE85-21AD93C68D26}.Debug|Any CPU.Build.0 = Debug|Any CPU
		{36D84295-F899-6351-FE85-21AD93C68D26}.Release|Any CPU.ActiveCfg = Release|Any CPU
		{36D84295-F899-6351-FE85-21AD93C68D26}.Release|Any CPU.Build.0 = Release|Any CPU
		{7B9F29FA-F8DB-5D00-21A1-AF4B62004627}.Debug|Any CPU.ActiveCfg = Debug|Any CPU
		{7B9F29FA-F8DB-5D00-21A1-AF4B62004627}.Debug|Any CPU.Build.0 = Debug|Any CPU
		{7B9F29FA-F8DB-5D00-21A1-AF4B62004627}.Release|Any CPU.ActiveCfg = Release|Any CPU
		{7B9F29FA-F8DB-5D00-21A1-AF4B62004627}.Release|Any CPU.Build.0 = Release|Any CPU
	EndGlobalSection
	GlobalSection(SolutionProperties) = preSolution
		HideSolutionNode = FALSE
	EndGlobalSection
EndGlobal
